
Microsoft Visual Studio Solution File, Format Version 12.00
# Visual Studio Version 17
VisualStudioVersion = 17.8.34511.84
MinimumVisualStudioVersion = 10.0.40219.1
Project("{8BC9CEB8-8B4A-11D0-8D11-00A0C91BC942}") = "bscs23065_ludo", "bscs23065_ludo\bscs23065_ludo.vcxproj", "{5A1C5122-A18E-4D3D-A931-75A41E891426}"
EndProject
Global
	GlobalSection(SolutionConfigurationPlatforms) = preSolution
		Debug|x64 = Debug|x64
		Debug|x86 = Debug|x86
		Release|x64 = Release|x64
		Release|x86 = Release|x86
	EndGlobalSection
	GlobalSection(ProjectConfigurationPlatforms) = postSolution
		{5A1C5122-A18E-4D3D-A931-75A41E891426}.Debug|x64.ActiveCfg = Debug|x64
		{5A1C5122-A18E-4D3D-A931-75A41E891426}.Debug|x64.Build.0 = Debug|x64
		{5A1C5122-A18E-4D3D-A931-75A41E891426}.Debug|x86.ActiveCfg = Debug|Win32
		{5A1C5122-A18E-4D3D-A931-75A41E891426}.Debug|x86.Build.0 = Debug|Win32
		{5A1C5122-A18E-4D3D-A931-75A41E891426}.Release|x64.ActiveCfg = Release|x64
		{5A1C5122-A18E-4D3D-A931-75A41E891426}.Release|x64.Build.0 = Release|x64
		{5A1C5122-A18E-4D3D-A931-75A41E891426}.Release|x86.ActiveCfg = Release|Win32
		{5A1C5122-A18E-4D3D-A931-75A41E891426}.Release|x86.Build.0 = Release|Win32
	EndGlobalSection
	GlobalSection(SolutionProperties) = preSolution
		HideSolutionNode = FALSE
	EndGlobalSection
	GlobalSection(ExtensibilityGlobals) = postSolution
		SolutionGuid = {F9F8EC63-4586-4BC0-A1B1-C7ABECCECC25}
	EndGlobalSection
EndGlobal
